
Microsoft Visual Studio Solution File, Format Version 12.00
# Visual Studio Version 17
VisualStudioVersion = 17.10.34928.147
MinimumVisualStudioVersion = 10.0.40219.1
Project("{9A19103F-16F7-4668-BE54-9A1E7A4F7556}") = "eFaktureManagement", "eFaktureManagement\eFaktureManagement.csproj", "{58BAAEED-670B-41C5-AB81-8D7EC634D5B0}"
EndProject
Project("{9A19103F-16F7-4668-BE54-9A1E7A4F7556}") = "eFaktureApiDemo", "..\efaktureApiDemo\src\IO.Swagger\eFaktureApiDemo.csproj", "{9721A876-3229-4EE7-BE99-8A9F145E3001}"
EndProject
Project("{9A19103F-16F7-4668-BE54-9A1E7A4F7556}") = "eFaktureSync", "eFaktureSync\eFaktureSync.csproj", "{38A02F0D-56B3-40A2-83BC-871F4458DC58}"
EndProject
Project("{9A19103F-16F7-4668-BE54-9A1E7A4F7556}") = "eFaktureModel", "eFaktureModel\eFaktureModel.csproj", "{EC2751F4-365D-4F98-B412-D80077653C30}"
EndProject
Project("{9A19103F-16F7-4668-BE54-9A1E7A4F7556}") = "eFaktureManagementBase", "eFaktureManagementBase\eFaktureManagementBase.csproj", "{3DE4A096-A246-498F-A194-53749EEBAC0D}"
EndProject
Project("{FAE04EC0-301F-11D3-BF4B-00C04F79EFBC}") = "eFaktureFileArchive", "eFaktureFileArchive\eFaktureFileArchive.csproj", "{60FC2541-EF6D-4D0A-8577-6CE788501BB7}"
EndProject
Global
	GlobalSection(SolutionConfigurationPlatforms) = preSolution
		Debug|Any CPU = Debug|Any CPU
		Release|Any CPU = Release|Any CPU
	EndGlobalSection
	GlobalSection(ProjectConfigurationPlatforms) = postSolution
		{58BAAEED-670B-41C5-AB81-8D7EC634D5B0}.Debug|Any CPU.ActiveCfg = Debug|Any CPU
		{58BAAEED-670B-41C5-AB81-8D7EC634D5B0}.Debug|Any CPU.Build.0 = Debug|Any CPU
		{58BAAEED-670B-41C5-AB81-8D7EC634D5B0}.Release|Any CPU.ActiveCfg = Release|Any CPU
		{58BAAEED-670B-41C5-AB81-8D7EC634D5B0}.Release|Any CPU.Build.0 = Release|Any CPU
		{9721A876-3229-4EE7-BE99-8A9F145E3001}.Debug|Any CPU.ActiveCfg = Debug|Any CPU
		{9721A876-3229-4EE7-BE99-8A9F145E3001}.Debug|Any CPU.Build.0 = Debug|Any CPU
		{9721A876-3229-4EE7-BE99-8A9F145E3001}.Release|Any CPU.ActiveCfg = Release|Any CPU
		{9721A876-3229-4EE7-BE99-8A9F145E3001}.Release|Any CPU.Build.0 = Release|Any CPU
		{38A02F0D-56B3-40A2-83BC-871F4458DC58}.Debug|Any CPU.ActiveCfg = Debug|Any CPU
		{38A02F0D-56B3-40A2-83BC-871F4458DC58}.Debug|Any CPU.Build.0 = Debug|Any CPU
		{38A02F0D-56B3-40A2-83BC-871F4458DC58}.Release|Any CPU.ActiveCfg = Release|Any CPU
		{38A02F0D-56B3-40A2-83BC-871F4458DC58}.Release|Any CPU.Build.0 = Release|Any CPU
		{EC2751F4-365D-4F98-B412-D80077653C30}.Debug|Any CPU.ActiveCfg = Debug|Any CPU
		{EC2751F4-365D-4F98-B412-D80077653C30}.Debug|Any CPU.Build.0 = Debug|Any CPU
		{EC2751F4-365D-4F98-B412-D80077653C30}.Release|Any CPU.ActiveCfg = Release|Any CPU
		{EC2751F4-365D-4F98-B412-D80077653C30}.Release|Any CPU.Build.0 = Release|Any CPU
		{3DE4A096-A246-498F-A194-53749EEBAC0D}.Debug|Any CPU.ActiveCfg = Debug|Any CPU
		{3DE4A096-A246-498F-A194-53749EEBAC0D}.Debug|Any CPU.Build.0 = Debug|Any CPU
		{3DE4A096-A246-498F-A194-53749EEBAC0D}.Release|Any CPU.ActiveCfg = Release|Any CPU
		{3DE4A096-A246-498F-A194-53749EEBAC0D}.Release|Any CPU.Build.0 = Release|Any CPU
		{60FC2541-EF6D-4D0A-8577-6CE788501BB7}.Debug|Any CPU.ActiveCfg = Debug|Any CPU
		{60FC2541-EF6D-4D0A-8577-6CE788501BB7}.Debug|Any CPU.Build.0 = Debug|Any CPU
		{60FC2541-EF6D-4D0A-8577-6CE788501BB7}.Release|Any CPU.ActiveCfg = Release|Any CPU
		{60FC2541-EF6D-4D0A-8577-6CE788501BB7}.Release|Any CPU.Build.0 = Release|Any CPU
	EndGlobalSection
	GlobalSection(SolutionProperties) = preSolution
		HideSolutionNode = FALSE
	EndGlobalSection
	GlobalSection(ExtensibilityGlobals) = postSolution
		SolutionGuid = {27C01BCA-31B2-46AA-9986-D12D548DB81A}
	EndGlobalSection
EndGlobal
